
Microsoft Visual Studio Solution File, Format Version 12.00
# Visual Studio Version 17
VisualStudioVersion = 17.5.002.0
MinimumVisualStudioVersion = 10.0.40219.1
Project("{2150E333-8FDC-42A3-9474-1A3956D46DE8}") = "csharp-prep", "csharp-prep", "{65DE7D86-D247-45DF-AD20-9226A888F7DF}"
EndProject
Project("{9A19103F-16F7-4668-BE54-9A1E7A4F7556}") = "Prep1", "csharp-prep\Prep1\Prep1.csproj", "{63EAAD58-A407-451B-A15A-77D5424AFDEA}"
EndProject
Project("{9A19103F-16F7-4668-BE54-9A1E7A4F7556}") = "Prep2", "csharp-prep\Prep2\Prep2.csproj", "{6DE3392A-F31B-4243-B9D7-DE35E29B5365}"
EndProject
Project("{9A19103F-16F7-4668-BE54-9A1E7A4F7556}") = "Prep3", "csharp-prep\Prep3\Prep3.csproj", "{9D31C93C-C76C-4C1A-BADB-7B019A616674}"
EndProject
Project("{9A19103F-16F7-4668-BE54-9A1E7A4F7556}") = "Prep4", "csharp-prep\Prep4\Prep4.csproj", "{E34D93A0-6896-42DD-93CB-089720BE76B7}"
EndProject
Project("{9A19103F-16F7-4668-BE54-9A1E7A4F7556}") = "Prep5", "csharp-prep\Prep5\Prep5.csproj", "{DE92DF37-2283-4508-A7AB-1B03BD534B55}"
EndProject
Project("{2150E333-8FDC-42A3-9474-1A3956D46DE8}") = "final", "final", "{DF4BAE32-9813-46EB-BA0A-DB52078692B9}"
EndProject
Project("{9A19103F-16F7-4668-BE54-9A1E7A4F7556}") = "FinalProject", "final\FinalProject\FinalProject.csproj", "{1315C816-69A9-4B63-929A-2FCEA55C6CC1}"
EndProject
Project("{9A19103F-16F7-4668-BE54-9A1E7A4F7556}") = "Foundation1", "final\Foundation1\Foundation1.csproj", "{6534FBD9-F3DD-42AF-8447-BD990FE838FD}"
EndProject
Project("{9A19103F-16F7-4668-BE54-9A1E7A4F7556}") = "Foundation2", "final\Foundation2\Foundation2.csproj", "{0114D021-F327-478D-849B-EF795568B3EC}"
EndProject
Project("{9A19103F-16F7-4668-BE54-9A1E7A4F7556}") = "Foundation3", "final\Foundation3\Foundation3.csproj", "{0CEF3DC2-DD7D-42AA-A0EF-516E4DEB99FE}"
EndProject
Project("{9A19103F-16F7-4668-BE54-9A1E7A4F7556}") = "Foundation4", "final\Foundation4\Foundation4.csproj", "{E96CD184-C4EC-49C8-825E-B4F8A733D51B}"
EndProject
Project("{2150E333-8FDC-42A3-9474-1A3956D46DE8}") = "prepare", "prepare", "{1EF3AE64-E6E3-4323-A158-91F10658FFE1}"
EndProject
Project("{9A19103F-16F7-4668-BE54-9A1E7A4F7556}") = "Learning02", "prepare\Learning02\Learning02.csproj", "{434D9CD9-2288-41D1-B18C-ABDEC5C58D12}"
EndProject
Project("{9A19103F-16F7-4668-BE54-9A1E7A4F7556}") = "Learning03", "prepare\Learning03\Learning03.csproj", "{46A62A9A-C33B-4299-BDA5-5DB795ABEE87}"
EndProject
Project("{9A19103F-16F7-4668-BE54-9A1E7A4F7556}") = "Learning04", "prepare\Learning04\Learning04.csproj", "{43229E76-A515-40CB-9E98-68AC5EEF6B73}"
EndProject
Project("{9A19103F-16F7-4668-BE54-9A1E7A4F7556}") = "Learning05", "prepare\Learning05\Learning05.csproj", "{34191626-AFFF-4FB7-895B-3B02DEFE9913}"
EndProject
Project("{2150E333-8FDC-42A3-9474-1A3956D46DE8}") = "prove", "prove", "{B1F662A5-1E6F-4C0E-8048-3903589978E9}"
EndProject
Project("{9A19103F-16F7-4668-BE54-9A1E7A4F7556}") = "Develop02", "prove\Develop02\Develop02.csproj", "{981943D7-9DA5-46DA-909E-4624AF64C2C7}"
EndProject
Project("{9A19103F-16F7-4668-BE54-9A1E7A4F7556}") = "Develop03", "prove\Develop03\Develop03.csproj", "{11EB62B9-9A10-4B82-923F-050EEC208293}"
EndProject
Project("{9A19103F-16F7-4668-BE54-9A1E7A4F7556}") = "Develop04", "prove\Develop04\Develop04.csproj", "{1E597C86-909F-4EB6-ADB7-5A26B693AD6E}"
EndProject
Project("{9A19103F-16F7-4668-BE54-9A1E7A4F7556}") = "Develop05", "prove\Develop05\Develop05.csproj", "{AD24575F-0418-4855-875B-5A5F50BA1AA7}"
EndProject
Project("{2150E333-8FDC-42A3-9474-1A3956D46DE8}") = "sandbox", "sandbox", "{851104E4-6B83-4D03-967E-C086263AFECA}"
EndProject
Project("{9A19103F-16F7-4668-BE54-9A1E7A4F7556}") = "Sandbox", "sandbox\Sandbox\Sandbox.csproj", "{FEC1DE58-6D5B-48D7-B03F-93B6793A65C7}"
EndProject
Global
	GlobalSection(SolutionConfigurationPlatforms) = preSolution
		Debug|Any CPU = Debug|Any CPU
		Release|Any CPU = Release|Any CPU
	EndGlobalSection
	GlobalSection(ProjectConfigurationPlatforms) = postSolution
		{63EAAD58-A407-451B-A15A-77D5424AFDEA}.Debug|Any CPU.ActiveCfg = Debug|Any CPU
		{63EAAD58-A407-451B-A15A-77D5424AFDEA}.Debug|Any CPU.Build.0 = Debug|Any CPU
		{63EAAD58-A407-451B-A15A-77D5424AFDEA}.Release|Any CPU.ActiveCfg = Release|Any CPU
		{63EAAD58-A407-451B-A15A-77D5424AFDEA}.Release|Any CPU.Build.0 = Release|Any CPU
		{6DE3392A-F31B-4243-B9D7-DE35E29B5365}.Debug|Any CPU.ActiveCfg = Debug|Any CPU
		{6DE3392A-F31B-4243-B9D7-DE35E29B5365}.Debug|Any CPU.Build.0 = Debug|Any CPU
		{6DE3392A-F31B-4243-B9D7-DE35E29B5365}.Release|Any CPU.ActiveCfg = Release|Any CPU
		{6DE3392A-F31B-4243-B9D7-DE35E29B5365}.Release|Any CPU.Build.0 = Release|Any CPU
		{9D31C93C-C76C-4C1A-BADB-7B019A616674}.Debug|Any CPU.ActiveCfg = Debug|Any CPU
		{9D31C93C-C76C-4C1A-BADB-7B019A616674}.Debug|Any CPU.Build.0 = Debug|Any CPU
		{9D31C93C-C76C-4C1A-BADB-7B019A616674}.Release|Any CPU.ActiveCfg = Release|Any CPU
		{9D31C93C-C76C-4C1A-BADB-7B019A616674}.Release|Any CPU.Build.0 = Release|Any CPU
		{E34D93A0-6896-42DD-93CB-089720BE76B7}.Debug|Any CPU.ActiveCfg = Debug|Any CPU
		{E34D93A0-6896-42DD-93CB-089720BE76B7}.Debug|Any CPU.Build.0 = Debug|Any CPU
		{E34D93A0-6896-42DD-93CB-089720BE76B7}.Release|Any CPU.ActiveCfg = Release|Any CPU
		{E34D93A0-6896-42DD-93CB-089720BE76B7}.Release|Any CPU.Build.0 = Release|Any CPU
		{DE92DF37-2283-4508-A7AB-1B03BD534B55}.Debug|Any CPU.ActiveCfg = Debug|Any CPU
		{DE92DF37-2283-4508-A7AB-1B03BD534B55}.Debug|Any CPU.Build.0 = Debug|Any CPU
		{DE92DF37-2283-4508-A7AB-1B03BD534B55}.Release|Any CPU.ActiveCfg = Release|Any CPU
		{DE92DF37-2283-4508-A7AB-1B03BD534B55}.Release|Any CPU.Build.0 = Release|Any CPU
		{1315C816-69A9-4B63-929A-2FCEA55C6CC1}.Debug|Any CPU.ActiveCfg = Debug|Any CPU
		{1315C816-69A9-4B63-929A-2FCEA55C6CC1}.Debug|Any CPU.Build.0 = Debug|Any CPU
		{1315C816-69A9-4B63-929A-2FCEA55C6CC1}.Release|Any CPU.ActiveCfg = Release|Any CPU
		{1315C816-69A9-4B63-929A-2FCEA55C6CC1}.Release|Any CPU.Build.0 = Release|Any CPU
		{6534FBD9-F3DD-42AF-8447-BD990FE838FD}.Debug|Any CPU.ActiveCfg = Debug|Any CPU
		{6534FBD9-F3DD-42AF-8447-BD990FE838FD}.Debug|Any CPU.Build.0 = Debug|Any CPU
		{6534FBD9-F3DD-42AF-8447-BD990FE838FD}.Release|Any CPU.ActiveCfg = Release|Any CPU
		{6534FBD9-F3DD-42AF-8447-BD990FE838FD}.Release|Any CPU.Build.0 = Release|Any CPU
		{0114D021-F327-478D-849B-EF795568B3EC}.Debug|Any CPU.ActiveCfg = Debug|Any CPU
		{0114D021-F327-478D-849B-EF795568B3EC}.Debug|Any CPU.Build.0 = Debug|Any CPU
		{0114D021-F327-478D-849B-EF795568B3EC}.Release|Any CPU.ActiveCfg = Release|Any CPU
		{0114D021-F327-478D-849B-EF795568B3EC}.Release|Any CPU.Build.0 = Release|Any CPU
		{0CEF3DC2-DD7D-42AA-A0EF-516E4DEB99FE}.Debug|Any CPU.ActiveCfg = Debug|Any CPU
		{0CEF3DC2-DD7D-42AA-A0EF-516E4DEB99FE}.Debug|Any CPU.Build.0 = Debug|Any CPU
		{0CEF3DC2-DD7D-42AA-A0EF-516E4DEB99FE}.Release|Any CPU.ActiveCfg = Release|Any CPU
		{0CEF3DC2-DD7D-42AA-A0EF-516E4DEB99FE}.Release|Any CPU.Build.0 = Release|Any CPU
		{E96CD184-C4EC-49C8-825E-B4F8A733D51B}.Debug|Any CPU.ActiveCfg = Debug|Any CPU
		{E96CD184-C4EC-49C8-825E-B4F8A733D51B}.Debug|Any CPU.Build.0 = Debug|Any CPU
		{E96CD184-C4EC-49C8-825E-B4F8A733D51B}.Release|Any CPU.ActiveCfg = Release|Any CPU
		{E96CD184-C4EC-49C8-825E-B4F8A733D51B}.Release|Any CPU.Build.0 = Release|Any CPU
		{434D9CD9-2288-41D1-B18C-ABDEC5C58D12}.Debug|Any CPU.ActiveCfg = Debug|Any CPU
		{434D9CD9-2288-41D1-B18C-ABDEC5C58D12}.Debug|Any CPU.Build.0 = Debug|Any CPU
		{434D9CD9-2288-41D1-B18C-ABDEC5C58D12}.Release|Any CPU.ActiveCfg = Release|Any CPU
		{434D9CD9-2288-41D1-B18C-ABDEC5C58D12}.Release|Any CPU.Build.0 = Release|Any CPU
		{46A62A9A-C33B-4299-BDA5-5DB795ABEE87}.Debug|Any CPU.ActiveCfg = Debug|Any CPU
		{46A62A9A-C33B-4299-BDA5-5DB795ABEE87}.Debug|Any CPU.Build.0 = Debug|Any CPU
		{46A62A9A-C33B-4299-BDA5-5DB795ABEE87}.Release|Any CPU.ActiveCfg = Release|Any CPU
		{46A62A9A-C33B-4299-BDA5-5DB795ABEE87}.Release|Any CPU.Build.0 = Release|Any CPU
		{43229E76-A515-40CB-9E98-68AC5EEF6B73}.Debug|Any CPU.ActiveCfg = Debug|Any CPU
		{43229E76-A515-40CB-9E98-68AC5EEF6B73}.Debug|Any CPU.Build.0 = Debug|Any CPU
		{43229E76-A515-40CB-9E98-68AC5EEF6B73}.Release|Any CPU.ActiveCfg = Release|Any CPU
		{43229E76-A515-40CB-9E98-68AC5EEF6B73}.Release|Any CPU.Build.0 = Release|Any CPU
		{34191626-AFFF-4FB7-895B-3B02DEFE9913}.Debug|Any CPU.ActiveCfg = Debug|Any CPU
		{34191626-AFFF-4FB7-895B-3B02DEFE9913}.Debug|Any CPU.Build.0 = Debug|Any CPU
		{34191626-AFFF-4FB7-895B-3B02DEFE9913}.Release|Any CPU.ActiveCfg = Release|Any CPU
		{34191626-AFFF-4FB7-895B-3B02DEFE9913}.Release|Any CPU.Build.0 = Release|Any CPU
		{981943D7-9DA5-46DA-909E-4624AF64C2C7}.Debug|Any CPU.ActiveCfg = Debug|Any CPU
		{981943D7-9DA5-46DA-909E-4624AF64C2C7}.Debug|Any CPU.Build.0 = Debug|Any CPU
		{981943D7-9DA5-46DA-909E-4624AF64C2C7}.Release|Any CPU.ActiveCfg = Release|Any CPU
		{981943D7-9DA5-46DA-909E-4624AF64C2C7}.Release|Any CPU.Build.0 = Release|Any CPU
		{11EB62B9-9A10-4B82-923F-050EEC208293}.Debug|Any CPU.ActiveCfg = Debug|Any CPU
		{11EB62B9-9A10-4B82-923F-050EEC208293}.Debug|Any CPU.Build.0 = Debug|Any CPU
		{11EB62B9-9A10-4B82-923F-050EEC208293}.Release|Any CPU.ActiveCfg = Release|Any CPU
		{11EB62B9-9A10-4B82-923F-050EEC208293}.Release|Any CPU.Build.0 = Release|Any CPU
		{1E597C86-909F-4EB6-ADB7-5A26B693AD6E}.Debug|Any CPU.ActiveCfg = Debug|Any CPU
		{1E597C86-909F-4EB6-ADB7-5A26B693AD6E}.Debug|Any CPU.Build.0 = Debug|Any CPU
		{1E597C86-909F-4EB6-ADB7-5A26B693AD6E}.Release|Any CPU.ActiveCfg = Release|Any CPU
		{1E597C86-909F-4EB6-ADB7-5A26B693AD6E}.Release|Any CPU.Build.0 = Release|Any CPU
		{AD24575F-0418-4855-875B-5A5F50BA1AA7}.Debug|Any CPU.ActiveCfg = Debug|Any CPU
		{AD24575F-0418-4855-875B-5A5F50BA1AA7}.Debug|Any CPU.Build.0 = Debug|Any CPU
		{AD24575F-0418-4855-875B-5A5F50BA1AA7}.Release|Any CPU.ActiveCfg = Release|Any CPU
		{AD24575F-0418-4855-875B-5A5F50BA1AA7}.Release|Any CPU.Build.0 = Release|Any CPU
		{FEC1DE58-6D5B-48D7-B03F-93B6793A65C7}.Debug|Any CPU.ActiveCfg = Debug|Any CPU
		{FEC1DE58-6D5B-48D7-B03F-93B6793A65C7}.Debug|Any CPU.Build.0 = Debug|Any CPU
		{FEC1DE58-6D5B-48D7-B03F-93B6793A65C7}.Release|Any CPU.ActiveCfg = Release|Any CPU
		{FEC1DE58-6D5B-48D7-B03F-93B6793A65C7}.Release|Any CPU.Build.0 = Release|Any CPU
	EndGlobalSection
	GlobalSection(SolutionProperties) = preSolution
		HideSolutionNode = FALSE
	EndGlobalSection
	GlobalSection(NestedProjects) = preSolution
		{63EAAD58-A407-451B-A15A-77D5424AFDEA} = {65DE7D86-D247-45DF-AD20-9226A888F7DF}
		{6DE3392A-F31B-4243-B9D7-DE35E29B5365} = {65DE7D86-D247-45DF-AD20-9226A888F7DF}
		{9D31C93C-C76C-4C1A-BADB-7B019A616674} = {65DE7D86-D247-45DF-AD20-9226A888F7DF}
		{E34D93A0-6896-42DD-93CB-089720BE76B7} = {65DE7D86-D247-45DF-AD20-9226A888F7DF}
		{DE92DF37-2283-4508-A7AB-1B03BD534B55} = {65DE7D86-D247-45DF-AD20-9226A888F7DF}
		{1315C816-69A9-4B63-929A-2FCEA55C6CC1} = {DF4BAE32-9813-46EB-BA0A-DB52078692B9}
		{6534FBD9-F3DD-42AF-8447-BD990FE838FD} = {DF4BAE32-9813-46EB-BA0A-DB52078692B9}
		{0114D021-F327-478D-849B-EF795568B3EC} = {DF4BAE32-9813-46EB-BA0A-DB52078692B9}
		{0CEF3DC2-DD7D-42AA-A0EF-516E4DEB99FE} = {DF4BAE32-9813-46EB-BA0A-DB52078692B9}
		{E96CD184-C4EC-49C8-825E-B4F8A733D51B} = {DF4BAE32-9813-46EB-BA0A-DB52078692B9}
		{434D9CD9-2288-41D1-B18C-ABDEC5C58D12} = {1EF3AE64-E6E3-4323-A158-91F10658FFE1}
		{46A62A9A-C33B-4299-BDA5-5DB795ABEE87} = {1EF3AE64-E6E3-4323-A158-91F10658FFE1}
		{43229E76-A515-40CB-9E98-68AC5EEF6B73} = {1EF3AE64-E6E3-4323-A158-91F10658FFE1}
		{34191626-AFFF-4FB7-895B-3B02DEFE9913} = {1EF3AE64-E6E3-4323-A158-91F10658FFE1}
		{981943D7-9DA5-46DA-909E-4624AF64C2C7} = {B1F662A5-1E6F-4C0E-8048-3903589978E9}
		{11EB62B9-9A10-4B82-923F-050EEC208293} = {B1F662A5-1E6F-4C0E-8048-3903589978E9}
		{1E597C86-909F-4EB6-ADB7-5A26B693AD6E} = {B1F662A5-1E6F-4C0E-8048-3903589978E9}
		{AD24575F-0418-4855-875B-5A5F50BA1AA7} = {B1F662A5-1E6F-4C0E-8048-3903589978E9}
		{FEC1DE58-6D5B-48D7-B03F-93B6793A65C7} = {851104E4-6B83-4D03-967E-C086263AFECA}
	EndGlobalSection
	GlobalSection(ExtensibilityGlobals) = postSolution
		SolutionGuid = {36DF3F62-2304-44CB-964D-DF3230FC147F}
	EndGlobalSection
EndGlobal
